// !$*UTF8*$!
{
	archiveVersion = 1;
	classes = {
	};
	objectVersion = 50;
	objects = {

/* Begin PBXBuildFile section */
		B017A207215AF6430032F929 /* AppDelegate.swift in Sources */ = {isa = PBXBuildFile; fileRef = B017A206215AF6430032F929 /* AppDelegate.swift */; };
		B017A209215AF6430032F929 /* ViewController.swift in Sources */ = {isa = PBXBuildFile; fileRef = B017A208215AF6430032F929 /* ViewController.swift */; };
		B017A20C215AF6430032F929 /* Main.storyboard in Resources */ = {isa = PBXBuildFile; fileRef = B017A20A215AF6430032F929 /* Main.storyboard */; };
		B017A20E215AF6450032F929 /* Assets.xcassets in Resources */ = {isa = PBXBuildFile; fileRef = B017A20D215AF6450032F929 /* Assets.xcassets */; };
		B017A211215AF6450032F929 /* LaunchScreen.storyboard in Resources */ = {isa = PBXBuildFile; fileRef = B017A20F215AF6450032F929 /* LaunchScreen.storyboard */; };
		B017A21C215AF6450032F929 /* MDBSocialsPart1Tests.swift in Sources */ = {isa = PBXBuildFile; fileRef = B017A21B215AF6450032F929 /* MDBSocialsPart1Tests.swift */; };
		B017A227215AF6450032F929 /* MDBSocialsPart1UITests.swift in Sources */ = {isa = PBXBuildFile; fileRef = B017A226215AF6450032F929 /* MDBSocialsPart1UITests.swift */; };
/* End PBXBuildFile section */

/* Begin PBXContainerItemProxy section */
		B017A218215AF6450032F929 /* PBXContainerItemProxy */ = {
			isa = PBXContainerItemProxy;
			containerPortal = B017A1FB215AF6430032F929 /* Project object */;
			proxyType = 1;
			remoteGlobalIDString = B017A202215AF6430032F929;
			remoteInfo = MDBSocialsPart1;
		};
		B017A223215AF6450032F929 /* PBXContainerItemProxy */ = {
			isa = PBXContainerItemProxy;
			containerPortal = B017A1FB215AF6430032F929 /* Project object */;
			proxyType = 1;
			remoteGlobalIDString = B017A202215AF6430032F929;
			remoteInfo = MDBSocialsPart1;
		};
/* End PBXContainerItemProxy section */

/* Begin PBXFileReference section */
		B017A203215AF6430032F929 /* MDBSocialsPart1.app */ = {isa = PBXFileReference; explicitFileType = wrapper.application; includeInIndex = 0; path = MDBSocialsPart1.app; sourceTree = BUILT_PRODUCTS_DIR; };
		B017A206215AF6430032F929 /* AppDelegate.swift */ = {isa = PBXFileReference; lastKnownFileType = sourcecode.swift; path = AppDelegate.swift; sourceTree = "<group>"; };
		B017A208215AF6430032F929 /* ViewController.swift */ = {isa = PBXFileReference; lastKnownFileType = sourcecode.swift; path = ViewController.swift; sourceTree = "<group>"; };
		B017A20B215AF6430032F929 /* Base */ = {isa = PBXFileReference; lastKnownFileType = file.storyboard; name = Base; path = Base.lproj/Main.storyboard; sourceTree = "<group>"; };
		B017A20D215AF6450032F929 /* Assets.xcassets */ = {isa = PBXFileReference; lastKnownFileType = folder.assetcatalog; path = Assets.xcassets; sourceTree = "<group>"; };
		B017A210215AF6450032F929 /* Base */ = {isa = PBXFileReference; lastKnownFileType = file.storyboard; name = Base; path = Base.lproj/LaunchScreen.storyboard; sourceTree = "<group>"; };
		B017A212215AF6450032F929 /* Info.plist */ = {isa = PBXFileReference; lastKnownFileType = text.plist.xml; path = Info.plist; sourceTree = "<group>"; };
		B017A217215AF6450032F929 /* MDBSocialsPart1Tests.xctest */ = {isa = PBXFileReference; explicitFileType = wrapper.cfbundle; includeInIndex = 0; path = MDBSocialsPart1Tests.xctest; sourceTree = BUILT_PRODUCTS_DIR; };
		B017A21B215AF6450032F929 /* MDBSocialsPart1Tests.swift */ = {isa = PBXFileReference; lastKnownFileType = sourcecode.swift; path = MDBSocialsPart1Tests.swift; sourceTree = "<group>"; };
		B017A21D215AF6450032F929 /* Info.plist */ = {isa = PBXFileReference; lastKnownFileType = text.plist.xml; path = Info.plist; sourceTree = "<group>"; };
		B017A222215AF6450032F929 /* MDBSocialsPart1UITests.xctest */ = {isa = PBXFileReference; explicitFileType = wrapper.cfbundle; includeInIndex = 0; path = MDBSocialsPart1UITests.xctest; sourceTree = BUILT_PRODUCTS_DIR; };
		B017A226215AF6450032F929 /* MDBSocialsPart1UITests.swift */ = {isa = PBXFileReference; lastKnownFileType = sourcecode.swift; path = MDBSocialsPart1UITests.swift; sourceTree = "<group>"; };
		B017A228215AF6450032F929 /* Info.plist */ = {isa = PBXFileReference; lastKnownFileType = text.plist.xml; path = Info.plist; sourceTree = "<group>"; };
/* End PBXFileReference section */

/* Begin PBXFrameworksBuildPhase section */
		B017A200215AF6430032F929 /* Frameworks */ = {
			isa = PBXFrameworksBuildPhase;
			buildActionMask = 2147483647;
			files = (
			);
			runOnlyForDeploymentPostprocessing = 0;
		};
		B017A214215AF6450032F929 /* Frameworks */ = {
			isa = PBXFrameworksBuildPhase;
			buildActionMask = 2147483647;
			files = (
			);
			runOnlyForDeploymentPostprocessing = 0;
		};
		B017A21F215AF6450032F929 /* Frameworks */ = {
			isa = PBXFrameworksBuildPhase;
			buildActionMask = 2147483647;
			files = (
			);
			runOnlyForDeploymentPostprocessing = 0;
		};
/* End PBXFrameworksBuildPhase section */

/* Begin PBXGroup section */
		B017A1FA215AF6430032F929 = {
			isa = PBXGroup;
			children = (
				B017A205215AF6430032F929 /* MDBSocialsPart1 */,
				B017A21A215AF6450032F929 /* MDBSocialsPart1Tests */,
				B017A225215AF6450032F929 /* MDBSocialsPart1UITests */,
				B017A204215AF6430032F929 /* Products */,
			);
			sourceTree = "<group>";
		};
		B017A204215AF6430032F929 /* Products */ = {
			isa = PBXGroup;
			children = (
				B017A203215AF6430032F929 /* MDBSocialsPart1.app */,
				B017A217215AF6450032F929 /* MDBSocialsPart1Tests.xctest */,
				B017A222215AF6450032F929 /* MDBSocialsPart1UITests.xctest */,
			);
			name = Products;
			sourceTree = "<group>";
		};
		B017A205215AF6430032F929 /* MDBSocialsPart1 */ = {
			isa = PBXGroup;
			children = (
				B017A206215AF6430032F929 /* AppDelegate.swift */,
				B017A208215AF6430032F929 /* ViewController.swift */,
				B017A20A215AF6430032F929 /* Main.storyboard */,
				B017A20D215AF6450032F929 /* Assets.xcassets */,
				B017A20F215AF6450032F929 /* LaunchScreen.storyboard */,
				B017A212215AF6450032F929 /* Info.plist */,
			);
			path = MDBSocialsPart1;
			sourceTree = "<group>";
		};
		B017A21A215AF6450032F929 /* MDBSocialsPart1Tests */ = {
			isa = PBXGroup;
			children = (
				B017A21B215AF6450032F929 /* MDBSocialsPart1Tests.swift */,
				B017A21D215AF6450032F929 /* Info.plist */,
			);
			path = MDBSocialsPart1Tests;
			sourceTree = "<group>";
		};
		B017A225215AF6450032F929 /* MDBSocialsPart1UITests */ = {
			isa = PBXGroup;
			children = (
				B017A226215AF6450032F929 /* MDBSocialsPart1UITests.swift */,
				B017A228215AF6450032F929 /* Info.plist */,
			);
			path = MDBSocialsPart1UITests;
			sourceTree = "<group>";
		};
/* End PBXGroup section */

/* Begin PBXNativeTarget section */
		B017A202215AF6430032F929 /* MDBSocialsPart1 */ = {
			isa = PBXNativeTarget;
			buildConfigurationList = B017A22B215AF6450032F929 /* Build configuration list for PBXNativeTarget "MDBSocialsPart1" */;
			buildPhases = (
				B017A1FF215AF6430032F929 /* Sources */,
				B017A200215AF6430032F929 /* Frameworks */,
				B017A201215AF6430032F929 /* Resources */,
			);
			buildRules = (
			);
			dependencies = (
			);
			name = MDBSocialsPart1;
			productName = MDBSocialsPart1;
			productReference = B017A203215AF6430032F929 /* MDBSocialsPart1.app */;
			productType = "com.apple.product-type.application";
		};
		B017A216215AF6450032F929 /* MDBSocialsPart1Tests */ = {
			isa = PBXNativeTarget;
			buildConfigurationList = B017A22E215AF6450032F929 /* Build configuration list for PBXNativeTarget "MDBSocialsPart1Tests" */;
			buildPhases = (
				B017A213215AF6450032F929 /* Sources */,
				B017A214215AF6450032F929 /* Frameworks */,
				B017A215215AF6450032F929 /* Resources */,
			);
			buildRules = (
			);
			dependencies = (
				B017A219215AF6450032F929 /* PBXTargetDependency */,
			);
			name = MDBSocialsPart1Tests;
			productName = MDBSocialsPart1Tests;
			productReference = B017A217215AF6450032F929 /* MDBSocialsPart1Tests.xctest */;
			productType = "com.apple.product-type.bundle.unit-test";
		};
		B017A221215AF6450032F929 /* MDBSocialsPart1UITests */ = {
			isa = PBXNativeTarget;
			buildConfigurationList = B017A231215AF6450032F929 /* Build configuration list for PBXNativeTarget "MDBSocialsPart1UITests" */;
			buildPhases = (
				B017A21E215AF6450032F929 /* Sources */,
				B017A21F215AF6450032F929 /* Frameworks */,
				B017A220215AF6450032F929 /* Resources */,
			);
			buildRules = (
			);
			dependencies = (
				B017A224215AF6450032F929 /* PBXTargetDependency */,
			);
			name = MDBSocialsPart1UITests;
			productName = MDBSocialsPart1UITests;
			productReference = B017A222215AF6450032F929 /* MDBSocialsPart1UITests.xctest */;
			productType = "com.apple.product-type.bundle.ui-testing";
		};
/* End PBXNativeTarget section */

/* Begin PBXProject section */
		B017A1FB215AF6430032F929 /* Project object */ = {
			isa = PBXProject;
			attributes = {
				LastSwiftUpdateCheck = 0940;
				LastUpgradeCheck = 0940;
				ORGANIZATIONNAME = "Anika Bagga";
				TargetAttributes = {
					B017A202215AF6430032F929 = {
						CreatedOnToolsVersion = 9.4.1;
					};
					B017A216215AF6450032F929 = {
						CreatedOnToolsVersion = 9.4.1;
						TestTargetID = B017A202215AF6430032F929;
					};
					B017A221215AF6450032F929 = {
						CreatedOnToolsVersion = 9.4.1;
						TestTargetID = B017A202215AF6430032F929;
					};
				};
			};
			buildConfigurationList = B017A1FE215AF6430032F929 /* Build configuration list for PBXProject "MDBSocialsPart1" */;
			compatibilityVersion = "Xcode 9.3";
			developmentRegion = en;
			hasScannedForEncodings = 0;
			knownRegions = (
				en,
				Base,
			);
			mainGroup = B017A1FA215AF6430032F929;
			productRefGroup = B017A204215AF6430032F929 /* Products */;
			projectDirPath = "";
			projectRoot = "";
			targets = (
				B017A202215AF6430032F929 /* MDBSocialsPart1 */,
				B017A216215AF6450032F929 /* MDBSocialsPart1Tests */,
				B017A221215AF6450032F929 /* MDBSocialsPart1UITests */,
			);
		};
/* End PBXProject section */

/* Begin PBXResourcesBuildPhase section */
		B017A201215AF6430032F929 /* Resources */ = {
			isa = PBXResourcesBuildPhase;
			buildActionMask = 2147483647;
			files = (
				B017A211215AF6450032F929 /* LaunchScreen.storyboard in Resources */,
				B017A20E215AF6450032F929 /* Assets.xcassets in Resources */,
				B017A20C215AF6430032F929 /* Main.storyboard in Resources */,
			);
			runOnlyForDeploymentPostprocessing = 0;
		};
		B017A215215AF6450032F929 /* Resources */ = {
			isa = PBXResourcesBuildPhase;
			buildActionMask = 2147483647;
			files = (
			);
			runOnlyForDeploymentPostprocessing = 0;
		};
		B017A220215AF6450032F929 /* Resources */ = {
			isa = PBXResourcesBuildPhase;
			buildActionMask = 2147483647;
			files = (
			);
			runOnlyForDeploymentPostprocessing = 0;
		};
/* End PBXResourcesBuildPhase section */

/* Begin PBXSourcesBuildPhase section */
		B017A1FF215AF6430032F929 /* Sources */ = {
			isa = PBXSourcesBuildPhase;
			buildActionMask = 2147483647;
			files = (
				B017A209215AF6430032F929 /* ViewController.swift in Sources */,
				B017A207215AF6430032F929 /* AppDelegate.swift in Sources */,
			);
			runOnlyForDeploymentPostprocessing = 0;
		};
		B017A213215AF6450032F929 /* Sources */ = {
			isa = PBXSourcesBuildPhase;
			buildActionMask = 2147483647;
			files = (
				B017A21C215AF6450032F929 /* MDBSocialsPart1Tests.swift in Sources */,
			);
			runOnlyForDeploymentPostprocessing = 0;
		};
		B017A21E215AF6450032F929 /* Sources */ = {
			isa = PBXSourcesBuildPhase;
			buildActionMask = 2147483647;
			files = (
				B017A227215AF6450032F929 /* MDBSocialsPart1UITests.swift in Sources */,
			);
			runOnlyForDeploymentPostprocessing = 0;
		};
/* End PBXSourcesBuildPhase section */

/* Begin PBXTargetDependency section */
		B017A219215AF6450032F929 /* PBXTargetDependency */ = {
			isa = PBXTargetDependency;
			target = B017A202215AF6430032F929 /* MDBSocialsPart1 */;
			targetProxy = B017A218215AF6450032F929 /* PBXContainerItemProxy */;
		};
		B017A224215AF6450032F929 /* PBXTargetDependency */ = {
			isa = PBXTargetDependency;
			target = B017A202215AF6430032F929 /* MDBSocialsPart1 */;
			targetProxy = B017A223215AF6450032F929 /* PBXContainerItemProxy */;
		};
/* End PBXTargetDependency section */

/* Begin PBXVariantGroup section */
		B017A20A215AF6430032F929 /* Main.storyboard */ = {
			isa = PBXVariantGroup;
			children = (
				B017A20B215AF6430032F929 /* Base */,
			);
			name = Main.storyboard;
			sourceTree = "<group>";
		};
		B017A20F215AF6450032F929 /* LaunchScreen.storyboard */ = {
			isa = PBXVariantGroup;
			children = (
				B017A210215AF6450032F929 /* Base */,
			);
			name = LaunchScreen.storyboard;
			sourceTree = "<group>";
		};
/* End PBXVariantGroup section */

/* Begin XCBuildConfiguration section */
		B017A229215AF6450032F929 /* Debug */ = {
			isa = XCBuildConfiguration;
			buildSettings = {
				ALWAYS_SEARCH_USER_PATHS = NO;
				CLANG_ANALYZER_NONNULL = YES;
				CLANG_ANALYZER_NUMBER_OBJECT_CONVERSION = YES_AGGRESSIVE;
				CLANG_CXX_LANGUAGE_STANDARD = "gnu++14";
				CLANG_CXX_LIBRARY = "libc++";
				CLANG_ENABLE_MODULES = YES;
				CLANG_ENABLE_OBJC_ARC = YES;
				CLANG_ENABLE_OBJC_WEAK = YES;
				CLANG_WARN_BLOCK_CAPTURE_AUTORELEASING = YES;
				CLANG_WARN_BOOL_CONVERSION = YES;
				CLANG_WARN_COMMA = YES;
				CLANG_WARN_CONSTANT_CONVERSION = YES;
				CLANG_WARN_DEPRECATED_OBJC_IMPLEMENTATIONS = YES;
				CLANG_WARN_DIRECT_OBJC_ISA_USAGE = YES_ERROR;
				CLANG_WARN_DOCUMENTATION_COMMENTS = YES;
				CLANG_WARN_EMPTY_BODY = YES;
				CLANG_WARN_ENUM_CONVERSION = YES;
				CLANG_WARN_INFINITE_RECURSION = YES;
				CLANG_WARN_INT_CONVERSION = YES;
				CLANG_WARN_NON_LITERAL_NULL_CONVERSION = YES;
				CLANG_WARN_OBJC_IMPLICIT_RETAIN_SELF = YES;
				CLANG_WARN_OBJC_LITERAL_CONVERSION = YES;
				CLANG_WARN_OBJC_ROOT_CLASS = YES_ERROR;
				CLANG_WARN_RANGE_LOOP_ANALYSIS = YES;
				CLANG_WARN_STRICT_PROTOTYPES = YES;
				CLANG_WARN_SUSPICIOUS_MOVE = YES;
				CLANG_WARN_UNGUARDED_AVAILABILITY = YES_AGGRESSIVE;
				CLANG_WARN_UNREACHABLE_CODE = YES;
				CLANG_WARN__DUPLICATE_METHOD_MATCH = YES;
				CODE_SIGN_IDENTITY = "iPhone Developer";
				COPY_PHASE_STRIP = NO;
				DEBUG_INFORMATION_FORMAT = dwarf;
				ENABLE_STRICT_OBJC_MSGSEND = YES;
				ENABLE_TESTABILITY = YES;
				GCC_C_LANGUAGE_STANDARD = gnu11;
				GCC_DYNAMIC_NO_PIC = NO;
				GCC_NO_COMMON_BLOCKS = YES;
				GCC_OPTIMIZATION_LEVEL = 0;
				GCC_PREPROCESSOR_DEFINITIONS = (
					"DEBUG=1",
					"$(inherited)",
				);
				GCC_WARN_64_TO_32_BIT_CONVERSION = YES;
				GCC_WARN_ABOUT_RETURN_TYPE = YES_ERROR;
				GCC_WARN_UNDECLARED_SELECTOR = YES;
				GCC_WARN_UNINITIALIZED_AUTOS = YES_AGGRESSIVE;
				GCC_WARN_UNUSED_FUNCTION = YES;
				GCC_WARN_UNUSED_VARIABLE = YES;
				IPHONEOS_DEPLOYMENT_TARGET = 11.4;
				MTL_ENABLE_DEBUG_INFO = YES;
				ONLY_ACTIVE_ARCH = YES;
				SDKROOT = iphoneos;
				SWIFT_ACTIVE_COMPILATION_CONDITIONS = DEBUG;
				SWIFT_OPTIMIZATION_LEVEL = "-Onone";
			};
			name = Debug;
		};
		B017A22A215AF6450032F929 /* Release */ = {
			isa = XCBuildConfiguration;
			buildSettings = {
				ALWAYS_SEARCH_USER_PATHS = NO;
				CLANG_ANALYZER_NONNULL = YES;
				CLANG_ANALYZER_NUMBER_OBJECT_CONVERSION = YES_AGGRESSIVE;
				CLANG_CXX_LANGUAGE_STANDARD = "gnu++14";
				CLANG_CXX_LIBRARY = "libc++";
				CLANG_ENABLE_MODULES = YES;
				CLANG_ENABLE_OBJC_ARC = YES;
				CLANG_ENABLE_OBJC_WEAK = YES;
				CLANG_WARN_BLOCK_CAPTURE_AUTORELEASING = YES;
				CLANG_WARN_BOOL_CONVERSION = YES;
				CLANG_WARN_COMMA = YES;
				CLANG_WARN_CONSTANT_CONVERSION = YES;
				CLANG_WARN_DEPRECATED_OBJC_IMPLEMENTATIONS = YES;
				CLANG_WARN_DIRECT_OBJC_ISA_USAGE = YES_ERROR;
				CLANG_WARN_DOCUMENTATION_COMMENTS = YES;
				CLANG_WARN_EMPTY_BODY = YES;
				CLANG_WARN_ENUM_CONVERSION = YES;
				CLANG_WARN_INFINITE_RECURSION = YES;
				CLANG_WARN_INT_CONVERSION = YES;
				CLANG_WARN_NON_LITERAL_NULL_CONVERSION = YES;
				CLANG_WARN_OBJC_IMPLICIT_RETAIN_SELF = YES;
				CLANG_WARN_OBJC_LITERAL_CONVERSION = YES;
				CLANG_WARN_OBJC_ROOT_CLASS = YES_ERROR;
				CLANG_WARN_RANGE_LOOP_ANALYSIS = YES;
				CLANG_WARN_STRICT_PROTOTYPES = YES;
				CLANG_WARN_SUSPICIOUS_MOVE = YES;
				CLANG_WARN_UNGUARDED_AVAILABILITY = YES_AGGRESSIVE;
				CLANG_WARN_UNREACHABLE_CODE = YES;
				CLANG_WARN__DUPLICATE_METHOD_MATCH = YES;
				CODE_SIGN_IDENTITY = "iPhone Developer";
				COPY_PHASE_STRIP = NO;
				DEBUG_INFORMATION_FORMAT = "dwarf-with-dsym";
				ENABLE_NS_ASSERTIONS = NO;
				ENABLE_STRICT_OBJC_MSGSEND = YES;
				GCC_C_LANGUAGE_STANDARD = gnu11;
				GCC_NO_COMMON_BLOCKS = YES;
				GCC_WARN_64_TO_32_BIT_CONVERSION = YES;
				GCC_WARN_ABOUT_RETURN_TYPE = YES_ERROR;
				GCC_WARN_UNDECLARED_SELECTOR = YES;
				GCC_WARN_UNINITIALIZED_AUTOS = YES_AGGRESSIVE;
				GCC_WARN_UNUSED_FUNCTION = YES;
				GCC_WARN_UNUSED_VARIABLE = YES;
				IPHONEOS_DEPLOYMENT_TARGET = 11.4;
				MTL_ENABLE_DEBUG_INFO = NO;
				SDKROOT = iphoneos;
				SWIFT_COMPILATION_MODE = wholemodule;
				SWIFT_OPTIMIZATION_LEVEL = "-O";
				VALIDATE_PRODUCT = YES;
			};
			name = Release;
		};
		B017A22C215AF6450032F929 /* Debug */ = {
			isa = XCBuildConfiguration;
			buildSettings = {
				ASSETCATALOG_COMPILER_APPICON_NAME = AppIcon;
				CODE_SIGN_STYLE = Automatic;
				INFOPLIST_FILE = MDBSocialsPart1/Info.plist;
				LD_RUNPATH_SEARCH_PATHS = (
					"$(inherited)",
					"@executable_path/Frameworks",
				);
				PRODUCT_BUNDLE_IDENTIFIER = Anika.MDBSocialsPart1;
				PRODUCT_NAME = "$(TARGET_NAME)";
				SWIFT_VERSION = 4.0;
				TARGETED_DEVICE_FAMILY = "1,2";
			};
			name = Debug;
		};
		B017A22D215AF6450032F929 /* Release */ = {
			isa = XCBuildConfiguration;
			buildSettings = {
				ASSETCATALOG_COMPILER_APPICON_NAME = AppIcon;
				CODE_SIGN_STYLE = Automatic;
				INFOPLIST_FILE = MDBSocialsPart1/Info.plist;
				LD_RUNPATH_SEARCH_PATHS = (
					"$(inherited)",
					"@executable_path/Frameworks",
				);
				PRODUCT_BUNDLE_IDENTIFIER = Anika.MDBSocialsPart1;
				PRODUCT_NAME = "$(TARGET_NAME)";
				SWIFT_VERSION = 4.0;
				TARGETED_DEVICE_FAMILY = "1,2";
			};
			name = Release;
		};
		B017A22F215AF6450032F929 /* Debug */ = {
			isa = XCBuildConfiguration;
			buildSettings = {
				ALWAYS_EMBED_SWIFT_STANDARD_LIBRARIES = YES;
				BUNDLE_LOADER = "$(TEST_HOST)";
				CODE_SIGN_STYLE = Automatic;
				INFOPLIST_FILE = MDBSocialsPart1Tests/Info.plist;
				LD_RUNPATH_SEARCH_PATHS = (
					"$(inherited)",
					"@executable_path/Frameworks",
					"@loader_path/Frameworks",
				);
				PRODUCT_BUNDLE_IDENTIFIER = Anika.MDBSocialsPart1Tests;
				PRODUCT_NAME = "$(TARGET_NAME)";
				SWIFT_VERSION = 4.0;
				TARGETED_DEVICE_FAMILY = "1,2";
				TEST_HOST = "$(BUILT_PRODUCTS_DIR)/MDBSocialsPart1.app/MDBSocialsPart1";
			};
			name = Debug;
		};
		B017A230215AF6450032F929 /* Release */ = {
			isa = XCBuildConfiguration;
			buildSettings = {
				ALWAYS_EMBED_SWIFT_STANDARD_LIBRARIES = YES;
				BUNDLE_LOADER = "$(TEST_HOST)";
				CODE_SIGN_STYLE = Automatic;
				INFOPLIST_FILE = MDBSocialsPart1Tests/Info.plist;
				LD_RUNPATH_SEARCH_PATHS = (
					"$(inherited)",
					"@executable_path/Frameworks",
					"@loader_path/Frameworks",
				);
				PRODUCT_BUNDLE_IDENTIFIER = Anika.MDBSocialsPart1Tests;
				PRODUCT_NAME = "$(TARGET_NAME)";
				SWIFT_VERSION = 4.0;
				TARGETED_DEVICE_FAMILY = "1,2";
				TEST_HOST = "$(BUILT_PRODUCTS_DIR)/MDBSocialsPart1.app/MDBSocialsPart1";
			};
			name = Release;
		};
		B017A232215AF6450032F929 /* Debug */ = {
			isa = XCBuildConfiguration;
			buildSettings = {
				ALWAYS_EMBED_SWIFT_STANDARD_LIBRARIES = YES;
				CODE_SIGN_STYLE = Automatic;
				INFOPLIST_FILE = MDBSocialsPart1UITests/Info.plist;
				LD_RUNPATH_SEARCH_PATHS = (
					"$(inherited)",
					"@executable_path/Frameworks",
					"@loader_path/Frameworks",
				);
				PRODUCT_BUNDLE_IDENTIFIER = Anika.MDBSocialsPart1UITests;
				PRODUCT_NAME = "$(TARGET_NAME)";
				SWIFT_VERSION = 4.0;
				TARGETED_DEVICE_FAMILY = "1,2";
				TEST_TARGET_NAME = MDBSocialsPart1;
			};
			name = Debug;
		};
		B017A233215AF6450032F929 /* Release */ = {
			isa = XCBuildConfiguration;
			buildSettings = {
				ALWAYS_EMBED_SWIFT_STANDARD_LIBRARIES = YES;
				CODE_SIGN_STYLE = Automatic;
				INFOPLIST_FILE = MDBSocialsPart1UITests/Info.plist;
				LD_RUNPATH_SEARCH_PATHS = (
					"$(inherited)",
					"@executable_path/Frameworks",
					"@loader_path/Frameworks",
				);
				PRODUCT_BUNDLE_IDENTIFIER = Anika.MDBSocialsPart1UITests;
				PRODUCT_NAME = "$(TARGET_NAME)";
				SWIFT_VERSION = 4.0;
				TARGETED_DEVICE_FAMILY = "1,2";
				TEST_TARGET_NAME = MDBSocialsPart1;
			};
			name = Release;
		};
/* End XCBuildConfiguration section */

/* Begin XCConfigurationList section */
		B017A1FE215AF6430032F929 /* Build configuration list for PBXProject "MDBSocialsPart1" */ = {
			isa = XCConfigurationList;
			buildConfigurations = (
				B017A229215AF6450032F929 /* Debug */,
				B017A22A215AF6450032F929 /* Release */,
			);
			defaultConfigurationIsVisible = 0;
			defaultConfigurationName = Release;
		};
		B017A22B215AF6450032F929 /* Build configuration list for PBXNativeTarget "MDBSocialsPart1" */ = {
			isa = XCConfigurationList;
			buildConfigurations = (
				B017A22C215AF6450032F929 /* Debug */,
				B017A22D215AF6450032F929 /* Release */,
			);
			defaultConfigurationIsVisible = 0;
			defaultConfigurationName = Release;
		};
		B017A22E215AF6450032F929 /* Build configuration list for PBXNativeTarget "MDBSocialsPart1Tests" */ = {
			isa = XCConfigurationList;
			buildConfigurations = (
				B017A22F215AF6450032F929 /* Debug */,
				B017A230215AF6450032F929 /* Release */,
			);
			defaultConfigurationIsVisible = 0;
			defaultConfigurationName = Release;
		};
		B017A231215AF6450032F929 /* Build configuration list for PBXNativeTarget "MDBSocialsPart1UITests" */ = {
			isa = XCConfigurationList;
			buildConfigurations = (
				B017A232215AF6450032F929 /* Debug */,
				B017A233215AF6450032F929 /* Release */,
			);
			defaultConfigurationIsVisible = 0;
			defaultConfigurationName = Release;
		};
/* End XCConfigurationList section */
	};
	rootObject = B017A1FB215AF6430032F929 /* Project object */;
}
